<Solution>
  <Folder Name="/src/">
    <Project Path="src/CitasApp.Application/CitasApp.Application.csproj" />
    <Project Path="src/CitasApp.Domain/CitasApp.Domain.csproj" />
    <Project Path="src/CitasApp.Infrastructure/CitasApp.Infrastructure.csproj" />
  </Folder>
  <Project Path="CitasApp.Web.csproj" />
</Solution>
