
Microsoft Visual Studio Solution File, Format Version 12.00
# Visual Studio Version 17
VisualStudioVersion = 17.0.31903.59
MinimumVisualStudioVersion = 10.0.40219.1
Project("{FAE04EC0-301F-11D3-BF4B-00C04F79EFBC}") = "CitasApp.Web", "CitasApp.Web.csproj", "{9295536F-2C3F-4676-93F3-43DF5FB50FB6}"
EndProject
Project("{2150E333-8FDC-42A3-9474-1A3956D46DE8}") = "src", "src", "{827E0CD3-B72D-47B6-A68D-7590B98EB39B}"
EndProject
Project("{FAE04EC0-301F-11D3-BF4B-00C04F79EFBC}") = "CitasApp.Infrastructure", "src\CitasApp.Infrastructure\CitasApp.Infrastructure.csproj", "{6A335863-EC8C-4A98-8052-900388F9C818}"
EndProject
Project("{FAE04EC0-301F-11D3-BF4B-00C04F79EFBC}") = "CitasApp.Domain", "src\CitasApp.Domain\CitasApp.Domain.csproj", "{5954FB68-B428-4B70-9494-F22D222160A3}"
EndProject
Project("{FAE04EC0-301F-11D3-BF4B-00C04F79EFBC}") = "CitasApp.Application", "src\CitasApp.Application\CitasApp.Application.csproj", "{6650C5F9-F1B9-4F33-AC2E-B4EC16D60C19}"
EndProject
Project("{FAE04EC0-301F-11D3-BF4B-00C04F79EFBC}") = "CitasApp.Api", "CitasApp.Api\CitasApp.Api.csproj", "{52273442-7D62-4184-906B-70393ACCFB63}"
EndProject
Global
	GlobalSection(SolutionConfigurationPlatforms) = preSolution
		Debug|Any CPU = Debug|Any CPU
		Debug|x64 = Debug|x64
		Debug|x86 = Debug|x86
		Release|Any CPU = Release|Any CPU
		Release|x64 = Release|x64
		Release|x86 = Release|x86
	EndGlobalSection
	GlobalSection(ProjectConfigurationPlatforms) = postSolution
		{9295536F-2C3F-4676-93F3-43DF5FB50FB6}.Debug|Any CPU.ActiveCfg = Debug|Any CPU
		{9295536F-2C3F-4676-93F3-43DF5FB50FB6}.Debug|Any CPU.Build.0 = Debug|Any CPU
		{9295536F-2C3F-4676-93F3-43DF5FB50FB6}.Debug|x64.ActiveCfg = Debug|Any CPU
		{9295536F-2C3F-4676-93F3-43DF5FB50FB6}.Debug|x64.Build.0 = Debug|Any CPU
		{9295536F-2C3F-4676-93F3-43DF5FB50FB6}.Debug|x86.ActiveCfg = Debug|Any CPU
		{9295536F-2C3F-4676-93F3-43DF5FB50FB6}.Debug|x86.Build.0 = Debug|Any CPU
		{9295536F-2C3F-4676-93F3-43DF5FB50FB6}.Release|Any CPU.ActiveCfg = Release|Any CPU
		{9295536F-2C3F-4676-93F3-43DF5FB50FB6}.Release|Any CPU.Build.0 = Release|Any CPU
		{9295536F-2C3F-4676-93F3-43DF5FB50FB6}.Release|x64.ActiveCfg = Release|Any CPU
		{9295536F-2C3F-4676-93F3-43DF5FB50FB6}.Release|x64.Build.0 = Release|Any CPU
		{9295536F-2C3F-4676-93F3-43DF5FB50FB6}.Release|x86.ActiveCfg = Release|Any CPU
		{9295536F-2C3F-4676-93F3-43DF5FB50FB6}.Release|x86.Build.0 = Release|Any CPU
		{6A335863-EC8C-4A98-8052-900388F9C818}.Debug|Any CPU.ActiveCfg = Debug|Any CPU
		{6A335863-EC8C-4A98-8052-900388F9C818}.Debug|Any CPU.Build.0 = Debug|Any CPU
		{6A335863-EC8C-4A98-8052-900388F9C818}.Debug|x64.ActiveCfg = Debug|Any CPU
		{6A335863-EC8C-4A98-8052-900388F9C818}.Debug|x64.Build.0 = Debug|Any CPU
		{6A335863-EC8C-4A98-8052-900388F9C818}.Debug|x86.ActiveCfg = Debug|Any CPU
		{6A335863-EC8C-4A98-8052-900388F9C818}.Debug|x86.Build.0 = Debug|Any CPU
		{6A335863-EC8C-4A98-8052-900388F9C818}.Release|Any CPU.ActiveCfg = Release|Any CPU
		{6A335863-EC8C-4A98-8052-900388F9C818}.Release|Any CPU.Build.0 = Release|Any CPU
		{6A335863-EC8C-4A98-8052-900388F9C818}.Release|x64.ActiveCfg = Release|Any CPU
		{6A335863-EC8C-4A98-8052-900388F9C818}.Release|x64.Build.0 = Release|Any CPU
		{6A335863-EC8C-4A98-8052-900388F9C818}.Release|x86.ActiveCfg = Release|Any CPU
		{6A335863-EC8C-4A98-8052-900388F9C818}.Release|x86.Build.0 = Release|Any CPU
		{5954FB68-B428-4B70-9494-F22D222160A3}.Debug|Any CPU.ActiveCfg = Debug|Any CPU
		{5954FB68-B428-4B70-9494-F22D222160A3}.Debug|Any CPU.Build.0 = Debug|Any CPU
		{5954FB68-B428-4B70-9494-F22D222160A3}.Debug|x64.ActiveCfg = Debug|Any CPU
		{5954FB68-B428-4B70-9494-F22D222160A3}.Debug|x64.Build.0 = Debug|Any CPU
		{5954FB68-B428-4B70-9494-F22D222160A3}.Debug|x86.ActiveCfg = Debug|Any CPU
		{5954FB68-B428-4B70-9494-F22D222160A3}.Debug|x86.Build.0 = Debug|Any CPU
		{5954FB68-B428-4B70-9494-F22D222160A3}.Release|Any CPU.ActiveCfg = Release|Any CPU
		{5954FB68-B428-4B70-9494-F22D222160A3}.Release|Any CPU.Build.0 = Release|Any CPU
		{5954FB68-B428-4B70-9494-F22D222160A3}.Release|x64.ActiveCfg = Release|Any CPU
		{5954FB68-B428-4B70-9494-F22D222160A3}.Release|x64.Build.0 = Release|Any CPU
		{5954FB68-B428-4B70-9494-F22D222160A3}.Release|x86.ActiveCfg = Release|Any CPU
		{5954FB68-B428-4B70-9494-F22D222160A3}.Release|x86.Build.0 = Release|Any CPU
		{6650C5F9-F1B9-4F33-AC2E-B4EC16D60C19}.Debug|Any CPU.ActiveCfg = Debug|Any CPU
		{6650C5F9-F1B9-4F33-AC2E-B4EC16D60C19}.Debug|Any CPU.Build.0 = Debug|Any CPU
		{6650C5F9-F1B9-4F33-AC2E-B4EC16D60C19}.Debug|x64.ActiveCfg = Debug|Any CPU
		{6650C5F9-F1B9-4F33-AC2E-B4EC16D60C19}.Debug|x64.Build.0 = Debug|Any CPU
		{6650C5F9-F1B9-4F33-AC2E-B4EC16D60C19}.Debug|x86.ActiveCfg = Debug|Any CPU
		{6650C5F9-F1B9-4F33-AC2E-B4EC16D60C19}.Debug|x86.Build.0 = Debug|Any CPU
		{6650C5F9-F1B9-4F33-AC2E-B4EC16D60C19}.Release|Any CPU.ActiveCfg = Release|Any CPU
		{6650C5F9-F1B9-4F33-AC2E-B4EC16D60C19}.Release|Any CPU.Build.0 = Release|Any CPU
		{6650C5F9-F1B9-4F33-AC2E-B4EC16D60C19}.Release|x64.ActiveCfg = Release|Any CPU
		{6650C5F9-F1B9-4F33-AC2E-B4EC16D60C19}.Release|x64.Build.0 = Release|Any CPU
		{6650C5F9-F1B9-4F33-AC2E-B4EC16D60C19}.Release|x86.ActiveCfg = Release|Any CPU
		{6650C5F9-F1B9-4F33-AC2E-B4EC16D60C19}.Release|x86.Build.0 = Release|Any CPU
		{52273442-7D62-4184-906B-70393ACCFB63}.Debug|Any CPU.ActiveCfg = Debug|Any CPU
		{52273442-7D62-4184-906B-70393ACCFB63}.Debug|Any CPU.Build.0 = Debug|Any CPU
		{52273442-7D62-4184-906B-70393ACCFB63}.Debug|x64.ActiveCfg = Debug|Any CPU
		{52273442-7D62-4184-906B-70393ACCFB63}.Debug|x64.Build.0 = Debug|Any CPU
		{52273442-7D62-4184-906B-70393ACCFB63}.Debug|x86.ActiveCfg = Debug|Any CPU
		{52273442-7D62-4184-906B-70393ACCFB63}.Debug|x86.Build.0 = Debug|Any CPU
		{52273442-7D62-4184-906B-70393ACCFB63}.Release|Any CPU.ActiveCfg = Release|Any CPU
		{52273442-7D62-4184-906B-70393ACCFB63}.Release|Any CPU.Build.0 = Release|Any CPU
		{52273442-7D62-4184-906B-70393ACCFB63}.Release|x64.ActiveCfg = Release|Any CPU
		{52273442-7D62-4184-906B-70393ACCFB63}.Release|x64.Build.0 = Release|Any CPU
		{52273442-7D62-4184-906B-70393ACCFB63}.Release|x86.ActiveCfg = Release|Any CPU
		{52273442-7D62-4184-906B-70393ACCFB63}.Release|x86.Build.0 = Release|Any CPU
	EndGlobalSection
	GlobalSection(SolutionProperties) = preSolution
		HideSolutionNode = FALSE
	EndGlobalSection
	GlobalSection(NestedProjects) = preSolution
		{6A335863-EC8C-4A98-8052-900388F9C818} = {827E0CD3-B72D-47B6-A68D-7590B98EB39B}
		{5954FB68-B428-4B70-9494-F22D222160A3} = {827E0CD3-B72D-47B6-A68D-7590B98EB39B}
		{6650C5F9-F1B9-4F33-AC2E-B4EC16D60C19} = {827E0CD3-B72D-47B6-A68D-7590B98EB39B}
	EndGlobalSection
EndGlobal
